
Microsoft Visual Studio Solution File, Format Version 12.00
# Visual Studio Version 16
VisualStudioVersion = 16.0.30907.101
MinimumVisualStudioVersion = 10.0.40219.1
Project("{FAE04EC0-301F-11D3-BF4B-00C04F79EFBC}") = "PRCAEX13", "PRCAEX13\PRCAEX13.csproj", "{02773032-F723-4AE6-9DED-9F3F1651BA5A}"
EndProject
Global
	GlobalSection(SolutionConfigurationPlatforms) = preSolution
		Debug|Any CPU = Debug|Any CPU
		Release|Any CPU = Release|Any CPU
	EndGlobalSection
	GlobalSection(ProjectConfigurationPlatforms) = postSolution
		{02773032-F723-4AE6-9DED-9F3F1651BA5A}.Debug|Any CPU.ActiveCfg = Debug|Any CPU
		{02773032-F723-4AE6-9DED-9F3F1651BA5A}.Debug|Any CPU.Build.0 = Debug|Any CPU
		{02773032-F723-4AE6-9DED-9F3F1651BA5A}.Release|Any CPU.ActiveCfg = Release|Any CPU
		{02773032-F723-4AE6-9DED-9F3F1651BA5A}.Release|Any CPU.Build.0 = Release|Any CPU
	EndGlobalSection
	GlobalSection(SolutionProperties) = preSolution
		HideSolutionNode = FALSE
	EndGlobalSection
	GlobalSection(ExtensibilityGlobals) = postSolution
		SolutionGuid = {A677AD6A-8784-4356-A960-74BF6A65041C}
	EndGlobalSection
EndGlobal
