
Microsoft Visual Studio Solution File, Format Version 12.00
# Visual Studio Version 16
VisualStudioVersion = 16.0.30907.101
MinimumVisualStudioVersion = 10.0.40219.1
Project("{FAE04EC0-301F-11D3-BF4B-00C04F79EFBC}") = "PRCAEX11", "PRCAEX11\PRCAEX11.csproj", "{F4940431-2E87-4E89-81B0-CB0DD5B9E20A}"
EndProject
Global
	GlobalSection(SolutionConfigurationPlatforms) = preSolution
		Debug|Any CPU = Debug|Any CPU
		Release|Any CPU = Release|Any CPU
	EndGlobalSection
	GlobalSection(ProjectConfigurationPlatforms) = postSolution
		{F4940431-2E87-4E89-81B0-CB0DD5B9E20A}.Debug|Any CPU.ActiveCfg = Debug|Any CPU
		{F4940431-2E87-4E89-81B0-CB0DD5B9E20A}.Debug|Any CPU.Build.0 = Debug|Any CPU
		{F4940431-2E87-4E89-81B0-CB0DD5B9E20A}.Release|Any CPU.ActiveCfg = Release|Any CPU
		{F4940431-2E87-4E89-81B0-CB0DD5B9E20A}.Release|Any CPU.Build.0 = Release|Any CPU
	EndGlobalSection
	GlobalSection(SolutionProperties) = preSolution
		HideSolutionNode = FALSE
	EndGlobalSection
	GlobalSection(ExtensibilityGlobals) = postSolution
		SolutionGuid = {48FEB721-7799-4002-BEB4-E3FB0F9E54A9}
	EndGlobalSection
EndGlobal
