
Microsoft Visual Studio Solution File, Format Version 12.00
# Visual Studio Version 16
VisualStudioVersion = 16.0.30907.101
MinimumVisualStudioVersion = 10.0.40219.1
Project("{FAE04EC0-301F-11D3-BF4B-00C04F79EFBC}") = "PRCA2EX2", "PRCA2EX2\PRCA2EX2.csproj", "{F14DDFF4-13C9-4727-B46B-D2ECCCB7DF02}"
EndProject
Global
	GlobalSection(SolutionConfigurationPlatforms) = preSolution
		Debug|Any CPU = Debug|Any CPU
		Release|Any CPU = Release|Any CPU
	EndGlobalSection
	GlobalSection(ProjectConfigurationPlatforms) = postSolution
		{F14DDFF4-13C9-4727-B46B-D2ECCCB7DF02}.Debug|Any CPU.ActiveCfg = Debug|Any CPU
		{F14DDFF4-13C9-4727-B46B-D2ECCCB7DF02}.Debug|Any CPU.Build.0 = Debug|Any CPU
		{F14DDFF4-13C9-4727-B46B-D2ECCCB7DF02}.Release|Any CPU.ActiveCfg = Release|Any CPU
		{F14DDFF4-13C9-4727-B46B-D2ECCCB7DF02}.Release|Any CPU.Build.0 = Release|Any CPU
	EndGlobalSection
	GlobalSection(SolutionProperties) = preSolution
		HideSolutionNode = FALSE
	EndGlobalSection
	GlobalSection(ExtensibilityGlobals) = postSolution
		SolutionGuid = {47D2F751-59FC-4FCB-ADA3-D3DC5A452ABA}
	EndGlobalSection
EndGlobal
